// !$*UTF8*$!
{
	archiveVersion = 1;
	classes = {
	};
	objectVersion = 46;
	objects = {

/* Begin PBXBuildFile section */
		7991316D1667400200DE2849 /* Foundation.framework in Frameworks */ = {isa = PBXBuildFile; fileRef = 7991316C1667400200DE2849 /* Foundation.framework */; };
		799131851667419C00DE2849 /* cameraflash-Prefix.pch in Headers */ = {isa = PBXBuildFile; fileRef = 79913180166740D500DE2849 /* cameraflash-Prefix.pch */; };
		7991318C16674DDB00DE2849 /* ComNoizerampCameraflashModule.h in Headers */ = {isa = PBXBuildFile; fileRef = 7991318816674DDB00DE2849 /* ComNoizerampCameraflashModule.h */; };
		7991318D16674DDB00DE2849 /* ComNoizerampCameraflashModule.m in Sources */ = {isa = PBXBuildFile; fileRef = 7991318916674DDB00DE2849 /* ComNoizerampCameraflashModule.m */; };
		7991318E16674DDB00DE2849 /* ComNoizerampCameraflashModuleAssets.h in Headers */ = {isa = PBXBuildFile; fileRef = 7991318A16674DDB00DE2849 /* ComNoizerampCameraflashModuleAssets.h */; };
		7991318F16674DDB00DE2849 /* ComNoizerampCameraflashModuleAssets.m in Sources */ = {isa = PBXBuildFile; fileRef = 7991318B16674DDB00DE2849 /* ComNoizerampCameraflashModuleAssets.m */; };
/* End PBXBuildFile section */

/* Begin PBXFileReference section */
		799131691667400200DE2849 /* libcameraflash.a */ = {isa = PBXFileReference; explicitFileType = archive.ar; includeInIndex = 0; path = libcameraflash.a; sourceTree = BUILT_PRODUCTS_DIR; };
		7991316C1667400200DE2849 /* Foundation.framework */ = {isa = PBXFileReference; lastKnownFileType = wrapper.framework; name = Foundation.framework; path = System/Library/Frameworks/Foundation.framework; sourceTree = SDKROOT; };
		79913180166740D500DE2849 /* cameraflash-Prefix.pch */ = {isa = PBXFileReference; lastKnownFileType = sourcecode.c.h; path = "cameraflash-Prefix.pch"; sourceTree = "<group>"; };
		79913181166740DC00DE2849 /* titanium.xcconfig */ = {isa = PBXFileReference; lastKnownFileType = text.xcconfig; path = titanium.xcconfig; sourceTree = "<group>"; };
		7991318816674DDB00DE2849 /* ComNoizerampCameraflashModule.h */ = {isa = PBXFileReference; fileEncoding = 4; lastKnownFileType = sourcecode.c.h; path = ComNoizerampCameraflashModule.h; sourceTree = "<group>"; };
		7991318916674DDB00DE2849 /* ComNoizerampCameraflashModule.m */ = {isa = PBXFileReference; fileEncoding = 4; lastKnownFileType = sourcecode.c.objc; path = ComNoizerampCameraflashModule.m; sourceTree = "<group>"; };
		7991318A16674DDB00DE2849 /* ComNoizerampCameraflashModuleAssets.h */ = {isa = PBXFileReference; fileEncoding = 4; lastKnownFileType = sourcecode.c.h; path = ComNoizerampCameraflashModuleAssets.h; sourceTree = "<group>"; };
		7991318B16674DDB00DE2849 /* ComNoizerampCameraflashModuleAssets.m */ = {isa = PBXFileReference; fileEncoding = 4; lastKnownFileType = sourcecode.c.objc; path = ComNoizerampCameraflashModuleAssets.m; sourceTree = "<group>"; };
/* End PBXFileReference section */

/* Begin PBXFrameworksBuildPhase section */
		799131661667400200DE2849 /* Frameworks */ = {
			isa = PBXFrameworksBuildPhase;
			buildActionMask = 2147483647;
			files = (
				7991316D1667400200DE2849 /* Foundation.framework in Frameworks */,
			);
			runOnlyForDeploymentPostprocessing = 0;
		};
/* End PBXFrameworksBuildPhase section */

/* Begin PBXGroup section */
		7991315E1667400200DE2849 = {
			isa = PBXGroup;
			children = (
				7991317F166740C500DE2849 /* Other Sources */,
				7991317A166740B600DE2849 /* Classes */,
				7991316B1667400200DE2849 /* Frameworks */,
				7991316A1667400200DE2849 /* Products */,
			);
			sourceTree = "<group>";
		};
		7991316A1667400200DE2849 /* Products */ = {
			isa = PBXGroup;
			children = (
				799131691667400200DE2849 /* libcameraflash.a */,
			);
			name = Products;
			sourceTree = "<group>";
		};
		7991316B1667400200DE2849 /* Frameworks */ = {
			isa = PBXGroup;
			children = (
				7991316C1667400200DE2849 /* Foundation.framework */,
			);
			name = Frameworks;
			sourceTree = "<group>";
		};
		7991317A166740B600DE2849 /* Classes */ = {
			isa = PBXGroup;
			children = (
				7991318816674DDB00DE2849 /* ComNoizerampCameraflashModule.h */,
				7991318916674DDB00DE2849 /* ComNoizerampCameraflashModule.m */,
				7991318A16674DDB00DE2849 /* ComNoizerampCameraflashModuleAssets.h */,
				7991318B16674DDB00DE2849 /* ComNoizerampCameraflashModuleAssets.m */,
			);
			path = Classes;
			sourceTree = "<group>";
		};
		7991317F166740C500DE2849 /* Other Sources */ = {
			isa = PBXGroup;
			children = (
				79913180166740D500DE2849 /* cameraflash-Prefix.pch */,
				79913181166740DC00DE2849 /* titanium.xcconfig */,
			);
			name = "Other Sources";
			sourceTree = "<group>";
		};
/* End PBXGroup section */

/* Begin PBXHeadersBuildPhase section */
		799131841667419700DE2849 /* Headers */ = {
			isa = PBXHeadersBuildPhase;
			buildActionMask = 2147483647;
			files = (
				799131851667419C00DE2849 /* cameraflash-Prefix.pch in Headers */,
				7991318C16674DDB00DE2849 /* ComNoizerampCameraflashModule.h in Headers */,
				7991318E16674DDB00DE2849 /* ComNoizerampCameraflashModuleAssets.h in Headers */,
			);
			runOnlyForDeploymentPostprocessing = 0;
		};
/* End PBXHeadersBuildPhase section */

/* Begin PBXNativeTarget section */
		799131681667400200DE2849 /* cameraflash */ = {
			isa = PBXNativeTarget;
			buildConfigurationList = 799131771667400200DE2849 /* Build configuration list for PBXNativeTarget "cameraflash" */;
			buildPhases = (
				799131841667419700DE2849 /* Headers */,
				799131651667400200DE2849 /* Sources */,
				799131661667400200DE2849 /* Frameworks */,
			);
			buildRules = (
			);
			dependencies = (
			);
			name = cameraflash;
			productName = cameraflash;
			productReference = 799131691667400200DE2849 /* libcameraflash.a */;
			productType = "com.apple.product-type.library.static";
		};
/* End PBXNativeTarget section */

/* Begin PBXProject section */
		799131601667400200DE2849 /* Project object */ = {
			isa = PBXProject;
			attributes = {
				LastUpgradeCheck = 0450;
				ORGANIZATIONNAME = "Aleksey Gureiev";
			};
			buildConfigurationList = 799131631667400200DE2849 /* Build configuration list for PBXProject "cameraflash" */;
			compatibilityVersion = "Xcode 3.2";
			developmentRegion = English;
			hasScannedForEncodings = 0;
			knownRegions = (
				en,
			);
			mainGroup = 7991315E1667400200DE2849;
			productRefGroup = 7991316A1667400200DE2849 /* Products */;
			projectDirPath = "";
			projectRoot = "";
			targets = (
				799131681667400200DE2849 /* cameraflash */,
			);
		};
/* End PBXProject section */

/* Begin PBXSourcesBuildPhase section */
		799131651667400200DE2849 /* Sources */ = {
			isa = PBXSourcesBuildPhase;
			buildActionMask = 2147483647;
			files = (
				7991318D16674DDB00DE2849 /* ComNoizerampCameraflashModule.m in Sources */,
				7991318F16674DDB00DE2849 /* ComNoizerampCameraflashModuleAssets.m in Sources */,
			);
			runOnlyForDeploymentPostprocessing = 0;
		};
/* End PBXSourcesBuildPhase section */

/* Begin XCBuildConfiguration section */
		799131751667400200DE2849 /* Debug */ = {
			isa = XCBuildConfiguration;
			buildSettings = {
				ALWAYS_SEARCH_USER_PATHS = NO;
				CLANG_CXX_LANGUAGE_STANDARD = "gnu++0x";
				CLANG_CXX_LIBRARY = "libc++";
				CLANG_WARN_EMPTY_BODY = YES;
				CLANG_WARN__DUPLICATE_METHOD_MATCH = YES;
				COPY_PHASE_STRIP = NO;
				GCC_C_LANGUAGE_STANDARD = gnu99;
				GCC_DYNAMIC_NO_PIC = NO;
				GCC_OPTIMIZATION_LEVEL = 0;
				GCC_PREPROCESSOR_DEFINITIONS = (
					"DEBUG=1",
					"$(inherited)",
				);
				GCC_SYMBOLS_PRIVATE_EXTERN = NO;
				GCC_WARN_ABOUT_RETURN_TYPE = YES;
				GCC_WARN_UNINITIALIZED_AUTOS = YES;
				GCC_WARN_UNUSED_VARIABLE = YES;
				HEADER_SEARCH_PATHS = (
					"$(TITANIUM_BASE_SDK2)",
					"$(TITANIUM_BASE_SDK)",
				);
				IPHONEOS_DEPLOYMENT_TARGET = 5.0;
				ONLY_ACTIVE_ARCH = YES;
				SDKROOT = iphoneos;
				TITANIUM_BASE_SDK = "\"$(TITANIUM_SDK)/iphone/include\"";
				TITANIUM_BASE_SDK2 = "\"$(TITANIUM_SDK)/iphone/include/TiCore\"";
				TITANIUM_SDK = "~/Library/Application Support/Titanium/mobilesdk/osx/$(TITANIUM_SDK_VERSION)";
				TITANIUM_SDK_VERSION = 2.1.5;
			};
			name = Debug;
		};
		799131761667400200DE2849 /* Release */ = {
			isa = XCBuildConfiguration;
			buildSettings = {
				ALWAYS_SEARCH_USER_PATHS = NO;
				CLANG_CXX_LANGUAGE_STANDARD = "gnu++0x";
				CLANG_CXX_LIBRARY = "libc++";
				CLANG_WARN_EMPTY_BODY = YES;
				CLANG_WARN__DUPLICATE_METHOD_MATCH = YES;
				COPY_PHASE_STRIP = YES;
				GCC_C_LANGUAGE_STANDARD = gnu99;
				GCC_WARN_ABOUT_RETURN_TYPE = YES;
				GCC_WARN_UNINITIALIZED_AUTOS = YES;
				GCC_WARN_UNUSED_VARIABLE = YES;
				HEADER_SEARCH_PATHS = (
					"$(TITANIUM_BASE_SDK2)",
					"$(TITANIUM_BASE_SDK)",
				);
				IPHONEOS_DEPLOYMENT_TARGET = 5.0;
				SDKROOT = iphoneos;
				TITANIUM_BASE_SDK = "\"$(TITANIUM_SDK)/iphone/include\"";
				TITANIUM_BASE_SDK2 = "\"$(TITANIUM_SDK)/iphone/include/TiCore\"";
				TITANIUM_SDK = "~/Library/Application Support/Titanium/mobilesdk/osx/$(TITANIUM_SDK_VERSION)";
				TITANIUM_SDK_VERSION = 2.1.5;
				VALIDATE_PRODUCT = YES;
			};
			name = Release;
		};
		799131781667400200DE2849 /* Debug */ = {
			isa = XCBuildConfiguration;
			buildSettings = {
				DSTROOT = /tmp/cameraflash.dst;
				GCC_PRECOMPILE_PREFIX_HEADER = YES;
				GCC_PREFIX_HEADER = "cameraflash-Prefix.pch";
				OTHER_LDFLAGS = "-ObjC";
				PRODUCT_NAME = "$(TARGET_NAME)";
				SKIP_INSTALL = YES;
			};
			name = Debug;
		};
		799131791667400200DE2849 /* Release */ = {
			isa = XCBuildConfiguration;
			buildSettings = {
				DSTROOT = /tmp/cameraflash.dst;
				GCC_PRECOMPILE_PREFIX_HEADER = YES;
				GCC_PREFIX_HEADER = "cameraflash-Prefix.pch";
				OTHER_LDFLAGS = "-ObjC";
				PRODUCT_NAME = "$(TARGET_NAME)";
				SKIP_INSTALL = YES;
			};
			name = Release;
		};
/* End XCBuildConfiguration section */

/* Begin XCConfigurationList section */
		799131631667400200DE2849 /* Build configuration list for PBXProject "cameraflash" */ = {
			isa = XCConfigurationList;
			buildConfigurations = (
				799131751667400200DE2849 /* Debug */,
				799131761667400200DE2849 /* Release */,
			);
			defaultConfigurationIsVisible = 0;
			defaultConfigurationName = Release;
		};
		799131771667400200DE2849 /* Build configuration list for PBXNativeTarget "cameraflash" */ = {
			isa = XCConfigurationList;
			buildConfigurations = (
				799131781667400200DE2849 /* Debug */,
				799131791667400200DE2849 /* Release */,
			);
			defaultConfigurationIsVisible = 0;
		};
/* End XCConfigurationList section */
	};
	rootObject = 799131601667400200DE2849 /* Project object */;
}
